// !$*UTF8*$!
{
	archiveVersion = 1;
	classes = {
	};
	objectVersion = 55;
	objects = {

/* Begin PBXBuildFile section */
		880A56752715BB83006A8A34 /* RadarTripOptions.swift in Sources */ = {isa = PBXBuildFile; fileRef = 880A56742715BB83006A8A34 /* RadarTripOptions.swift */; };
		880A56772715C1C1006A8A34 /* RadarDelegateHolder.swift in Sources */ = {isa = PBXBuildFile; fileRef = 880A56762715C1C1006A8A34 /* RadarDelegateHolder.swift */; };
		880A56792715C73D006A8A34 /* RadarPermissionsHelper.swift in Sources */ = {isa = PBXBuildFile; fileRef = 880A56782715C73D006A8A34 /* RadarPermissionsHelper.swift */; };
		880A567B2715C7FB006A8A34 /* RadarCoordinate.swift in Sources */ = {isa = PBXBuildFile; fileRef = 880A567A2715C7FB006A8A34 /* RadarCoordinate.swift */; };
		880A567D2715D98A006A8A34 /* RadarGeofenceGeometry.swift in Sources */ = {isa = PBXBuildFile; fileRef = 880A567C2715D98A006A8A34 /* RadarGeofenceGeometry.swift */; };
		880A567F2715D9BD006A8A34 /* RadarCircleGeometry.swift in Sources */ = {isa = PBXBuildFile; fileRef = 880A567E2715D9BD006A8A34 /* RadarCircleGeometry.swift */; };
		880A56812715DA78006A8A34 /* RadarPolygonGeometry.swift in Sources */ = {isa = PBXBuildFile; fileRef = 880A56802715DA78006A8A34 /* RadarPolygonGeometry.swift */; };
		880A56832715DBC6006A8A34 /* RadarUserInsightsState.swift in Sources */ = {isa = PBXBuildFile; fileRef = 880A56822715DBC6006A8A34 /* RadarUserInsightsState.swift */; };
		880A56852715DE10006A8A34 /* RadarUserInsightsLocation.swift in Sources */ = {isa = PBXBuildFile; fileRef = 880A56842715DE10006A8A34 /* RadarUserInsightsLocation.swift */; };
		880A56872715DEB0006A8A34 /* RadarRegion.swift in Sources */ = {isa = PBXBuildFile; fileRef = 880A56862715DEB0006A8A34 /* RadarRegion.swift */; };
		880A56892715F438006A8A34 /* RadarUserInsights.swift in Sources */ = {isa = PBXBuildFile; fileRef = 880A56882715F438006A8A34 /* RadarUserInsights.swift */; };
		880A568B2715F8F9006A8A34 /* RadarAddress.swift in Sources */ = {isa = PBXBuildFile; fileRef = 880A568A2715F8F9006A8A34 /* RadarAddress.swift */; };
		880A568D27160A7F006A8A34 /* RadarBeacon.swift in Sources */ = {isa = PBXBuildFile; fileRef = 880A568C27160A7F006A8A34 /* RadarBeacon.swift */; };
		880A568F2716157B006A8A34 /* RadarChain.swift in Sources */ = {isa = PBXBuildFile; fileRef = 880A568E2716157B006A8A34 /* RadarChain.swift */; };
		880A56912716258B006A8A34 /* RadarContext.swift in Sources */ = {isa = PBXBuildFile; fileRef = 880A56902716258B006A8A34 /* RadarContext.swift */; };
		880A5693271626ED006A8A34 /* RadarGeofence.swift in Sources */ = {isa = PBXBuildFile; fileRef = 880A5692271626ED006A8A34 /* RadarGeofence.swift */; };
		880A56952716310F006A8A34 /* RadarSegment.swift in Sources */ = {isa = PBXBuildFile; fileRef = 880A56942716310F006A8A34 /* RadarSegment.swift */; };
		881D4193271766C1000B6385 /* RadarRoute.swift in Sources */ = {isa = PBXBuildFile; fileRef = 881D4192271766C1000B6385 /* RadarRoute.swift */; };
		886B6945271852F100CFF12F /* RadarRouteMatrix.swift in Sources */ = {isa = PBXBuildFile; fileRef = 886B6944271852F100CFF12F /* RadarRouteMatrix.swift */; };
		8878714C2714717E007666E1 /* RadarStatus.swift in Sources */ = {isa = PBXBuildFile; fileRef = 8878714B2714717E007666E1 /* RadarStatus.swift */; };
		8878715327148208007666E1 /* RadarLocationSource.swift in Sources */ = {isa = PBXBuildFile; fileRef = 8878715227148208007666E1 /* RadarLocationSource.swift */; };
		8878715627148338007666E1 /* RadarLogLevel.swift in Sources */ = {isa = PBXBuildFile; fileRef = 8878715527148338007666E1 /* RadarLogLevel.swift */; };
		8878715827148373007666E1 /* RadarRouteMode.swift in Sources */ = {isa = PBXBuildFile; fileRef = 8878715727148373007666E1 /* RadarRouteMode.swift */; };
		8878715B271484C7007666E1 /* RadarRouteUnits.swift in Sources */ = {isa = PBXBuildFile; fileRef = 8878715A271484C7007666E1 /* RadarRouteUnits.swift */; };
		8878715D271486FF007666E1 /* RadarDelegate.swift in Sources */ = {isa = PBXBuildFile; fileRef = 8878715C271486FF007666E1 /* RadarDelegate.swift */; };
		8878715F27149A98007666E1 /* RadarUser.swift in Sources */ = {isa = PBXBuildFile; fileRef = 8878715E27149A98007666E1 /* RadarUser.swift */; };
		8878716127149AB2007666E1 /* RadarEvent.swift in Sources */ = {isa = PBXBuildFile; fileRef = 8878716027149AB2007666E1 /* RadarEvent.swift */; };
		8878716327149EE8007666E1 /* RadarUtils.swift in Sources */ = {isa = PBXBuildFile; fileRef = 8878716227149EE8007666E1 /* RadarUtils.swift */; };
		887871662714B749007666E1 /* RadarLogger.swift in Sources */ = {isa = PBXBuildFile; fileRef = 887871652714B749007666E1 /* RadarLogger.swift */; };
		887871682714BC5A007666E1 /* RadarSettings.swift in Sources */ = {isa = PBXBuildFile; fileRef = 887871672714BC5A007666E1 /* RadarSettings.swift */; };
		8878716A2714BD34007666E1 /* RadarTrackingOptions.swift in Sources */ = {isa = PBXBuildFile; fileRef = 887871692714BD34007666E1 /* RadarTrackingOptions.swift */; };
		88A2D8FE2716A98700981CA8 /* RadarPlace.swift in Sources */ = {isa = PBXBuildFile; fileRef = 88A2D8FD2716A98700981CA8 /* RadarPlace.swift */; };
		88A2D9002716EB5000981CA8 /* RadarTrip.swift in Sources */ = {isa = PBXBuildFile; fileRef = 88A2D8FF2716EB5000981CA8 /* RadarTrip.swift */; };
		88A2D90227174C3400981CA8 /* RadarRouteDistance.swift in Sources */ = {isa = PBXBuildFile; fileRef = 88A2D90127174C3400981CA8 /* RadarRouteDistance.swift */; };
		88A2D90427174F3600981CA8 /* RadarRouteDuration.swift in Sources */ = {isa = PBXBuildFile; fileRef = 88A2D90327174F3600981CA8 /* RadarRouteDuration.swift */; };
		88A2D9062717513500981CA8 /* RadarRouteGeometry.swift in Sources */ = {isa = PBXBuildFile; fileRef = 88A2D9052717513500981CA8 /* RadarRouteGeometry.swift */; };
		88A49FF5271824D5008B5804 /* RadarRoutes.swift in Sources */ = {isa = PBXBuildFile; fileRef = 88A49FF4271824D5008B5804 /* RadarRoutes.swift */; };
		88E22B7027120535003997C1 /* RadarSDK.docc in Sources */ = {isa = PBXBuildFile; fileRef = 88E22B6F27120535003997C1 /* RadarSDK.docc */; };
		88E22B7627120535003997C1 /* RadarSDK.framework in Frameworks */ = {isa = PBXBuildFile; fileRef = 88E22B6B27120535003997C1 /* RadarSDK.framework */; };
		88E22B7B27120535003997C1 /* RadarSDKTests.swift in Sources */ = {isa = PBXBuildFile; fileRef = 88E22B7A27120535003997C1 /* RadarSDKTests.swift */; };
		88E22B7C27120535003997C1 /* RadarSDK.h in Headers */ = {isa = PBXBuildFile; fileRef = 88E22B6E27120535003997C1 /* RadarSDK.h */; settings = {ATTRIBUTES = (Public, ); }; };
		88EFA96927120884006DFD62 /* Radar.swift in Sources */ = {isa = PBXBuildFile; fileRef = 88EFA96827120884006DFD62 /* Radar.swift */; };
/* End PBXBuildFile section */

/* Begin PBXContainerItemProxy section */
		88E22B7727120535003997C1 /* PBXContainerItemProxy */ = {
			isa = PBXContainerItemProxy;
			containerPortal = 88E22B6227120535003997C1 /* Project object */;
			proxyType = 1;
			remoteGlobalIDString = 88E22B6A27120535003997C1;
			remoteInfo = RadarSDK;
		};
/* End PBXContainerItemProxy section */

/* Begin PBXFileReference section */
		880A56742715BB83006A8A34 /* RadarTripOptions.swift */ = {isa = PBXFileReference; lastKnownFileType = sourcecode.swift; path = RadarTripOptions.swift; sourceTree = "<group>"; };
		880A56762715C1C1006A8A34 /* RadarDelegateHolder.swift */ = {isa = PBXFileReference; lastKnownFileType = sourcecode.swift; path = RadarDelegateHolder.swift; sourceTree = "<group>"; };
		880A56782715C73D006A8A34 /* RadarPermissionsHelper.swift */ = {isa = PBXFileReference; lastKnownFileType = sourcecode.swift; path = RadarPermissionsHelper.swift; sourceTree = "<group>"; };
		880A567A2715C7FB006A8A34 /* RadarCoordinate.swift */ = {isa = PBXFileReference; lastKnownFileType = sourcecode.swift; path = RadarCoordinate.swift; sourceTree = "<group>"; };
		880A567C2715D98A006A8A34 /* RadarGeofenceGeometry.swift */ = {isa = PBXFileReference; lastKnownFileType = sourcecode.swift; path = RadarGeofenceGeometry.swift; sourceTree = "<group>"; };
		880A567E2715D9BD006A8A34 /* RadarCircleGeometry.swift */ = {isa = PBXFileReference; lastKnownFileType = sourcecode.swift; path = RadarCircleGeometry.swift; sourceTree = "<group>"; };
		880A56802715DA78006A8A34 /* RadarPolygonGeometry.swift */ = {isa = PBXFileReference; lastKnownFileType = sourcecode.swift; path = RadarPolygonGeometry.swift; sourceTree = "<group>"; };
		880A56822715DBC6006A8A34 /* RadarUserInsightsState.swift */ = {isa = PBXFileReference; lastKnownFileType = sourcecode.swift; path = RadarUserInsightsState.swift; sourceTree = "<group>"; };
		880A56842715DE10006A8A34 /* RadarUserInsightsLocation.swift */ = {isa = PBXFileReference; lastKnownFileType = sourcecode.swift; path = RadarUserInsightsLocation.swift; sourceTree = "<group>"; };
		880A56862715DEB0006A8A34 /* RadarRegion.swift */ = {isa = PBXFileReference; lastKnownFileType = sourcecode.swift; path = RadarRegion.swift; sourceTree = "<group>"; };
		880A56882715F438006A8A34 /* RadarUserInsights.swift */ = {isa = PBXFileReference; lastKnownFileType = sourcecode.swift; path = RadarUserInsights.swift; sourceTree = "<group>"; };
		880A568A2715F8F9006A8A34 /* RadarAddress.swift */ = {isa = PBXFileReference; lastKnownFileType = sourcecode.swift; path = RadarAddress.swift; sourceTree = "<group>"; };
		880A568C27160A7F006A8A34 /* RadarBeacon.swift */ = {isa = PBXFileReference; lastKnownFileType = sourcecode.swift; path = RadarBeacon.swift; sourceTree = "<group>"; };
		880A568E2716157B006A8A34 /* RadarChain.swift */ = {isa = PBXFileReference; lastKnownFileType = sourcecode.swift; path = RadarChain.swift; sourceTree = "<group>"; };
		880A56902716258B006A8A34 /* RadarContext.swift */ = {isa = PBXFileReference; lastKnownFileType = sourcecode.swift; path = RadarContext.swift; sourceTree = "<group>"; };
		880A5692271626ED006A8A34 /* RadarGeofence.swift */ = {isa = PBXFileReference; lastKnownFileType = sourcecode.swift; path = RadarGeofence.swift; sourceTree = "<group>"; };
		880A56942716310F006A8A34 /* RadarSegment.swift */ = {isa = PBXFileReference; lastKnownFileType = sourcecode.swift; path = RadarSegment.swift; sourceTree = "<group>"; };
		881D4192271766C1000B6385 /* RadarRoute.swift */ = {isa = PBXFileReference; lastKnownFileType = sourcecode.swift; path = RadarRoute.swift; sourceTree = "<group>"; };
		886B6944271852F100CFF12F /* RadarRouteMatrix.swift */ = {isa = PBXFileReference; lastKnownFileType = sourcecode.swift; path = RadarRouteMatrix.swift; sourceTree = "<group>"; };
		8878714B2714717E007666E1 /* RadarStatus.swift */ = {isa = PBXFileReference; lastKnownFileType = sourcecode.swift; path = RadarStatus.swift; sourceTree = "<group>"; };
		8878715227148208007666E1 /* RadarLocationSource.swift */ = {isa = PBXFileReference; lastKnownFileType = sourcecode.swift; path = RadarLocationSource.swift; sourceTree = "<group>"; };
		8878715527148338007666E1 /* RadarLogLevel.swift */ = {isa = PBXFileReference; lastKnownFileType = sourcecode.swift; path = RadarLogLevel.swift; sourceTree = "<group>"; };
		8878715727148373007666E1 /* RadarRouteMode.swift */ = {isa = PBXFileReference; lastKnownFileType = sourcecode.swift; path = RadarRouteMode.swift; sourceTree = "<group>"; };
		8878715A271484C7007666E1 /* RadarRouteUnits.swift */ = {isa = PBXFileReference; lastKnownFileType = sourcecode.swift; path = RadarRouteUnits.swift; sourceTree = "<group>"; };
		8878715C271486FF007666E1 /* RadarDelegate.swift */ = {isa = PBXFileReference; lastKnownFileType = sourcecode.swift; path = RadarDelegate.swift; sourceTree = "<group>"; };
		8878715E27149A98007666E1 /* RadarUser.swift */ = {isa = PBXFileReference; lastKnownFileType = sourcecode.swift; path = RadarUser.swift; sourceTree = "<group>"; };
		8878716027149AB2007666E1 /* RadarEvent.swift */ = {isa = PBXFileReference; lastKnownFileType = sourcecode.swift; path = RadarEvent.swift; sourceTree = "<group>"; };
		8878716227149EE8007666E1 /* RadarUtils.swift */ = {isa = PBXFileReference; lastKnownFileType = sourcecode.swift; path = RadarUtils.swift; sourceTree = "<group>"; };
		887871652714B749007666E1 /* RadarLogger.swift */ = {isa = PBXFileReference; lastKnownFileType = sourcecode.swift; path = RadarLogger.swift; sourceTree = "<group>"; };
		887871672714BC5A007666E1 /* RadarSettings.swift */ = {isa = PBXFileReference; lastKnownFileType = sourcecode.swift; path = RadarSettings.swift; sourceTree = "<group>"; };
		887871692714BD34007666E1 /* RadarTrackingOptions.swift */ = {isa = PBXFileReference; lastKnownFileType = sourcecode.swift; path = RadarTrackingOptions.swift; sourceTree = "<group>"; };
		88A2D8FD2716A98700981CA8 /* RadarPlace.swift */ = {isa = PBXFileReference; lastKnownFileType = sourcecode.swift; path = RadarPlace.swift; sourceTree = "<group>"; };
		88A2D8FF2716EB5000981CA8 /* RadarTrip.swift */ = {isa = PBXFileReference; lastKnownFileType = sourcecode.swift; path = RadarTrip.swift; sourceTree = "<group>"; };
		88A2D90127174C3400981CA8 /* RadarRouteDistance.swift */ = {isa = PBXFileReference; lastKnownFileType = sourcecode.swift; path = RadarRouteDistance.swift; sourceTree = "<group>"; };
		88A2D90327174F3600981CA8 /* RadarRouteDuration.swift */ = {isa = PBXFileReference; lastKnownFileType = sourcecode.swift; path = RadarRouteDuration.swift; sourceTree = "<group>"; };
		88A2D9052717513500981CA8 /* RadarRouteGeometry.swift */ = {isa = PBXFileReference; lastKnownFileType = sourcecode.swift; path = RadarRouteGeometry.swift; sourceTree = "<group>"; };
		88A49FF4271824D5008B5804 /* RadarRoutes.swift */ = {isa = PBXFileReference; lastKnownFileType = sourcecode.swift; path = RadarRoutes.swift; sourceTree = "<group>"; };
		88E22B6B27120535003997C1 /* RadarSDK.framework */ = {isa = PBXFileReference; explicitFileType = wrapper.framework; includeInIndex = 0; path = RadarSDK.framework; sourceTree = BUILT_PRODUCTS_DIR; };
		88E22B6E27120535003997C1 /* RadarSDK.h */ = {isa = PBXFileReference; lastKnownFileType = sourcecode.c.h; path = RadarSDK.h; sourceTree = "<group>"; };
		88E22B6F27120535003997C1 /* RadarSDK.docc */ = {isa = PBXFileReference; lastKnownFileType = folder.documentationcatalog; path = RadarSDK.docc; sourceTree = "<group>"; };
		88E22B7527120535003997C1 /* RadarSDKTests.xctest */ = {isa = PBXFileReference; explicitFileType = wrapper.cfbundle; includeInIndex = 0; path = RadarSDKTests.xctest; sourceTree = BUILT_PRODUCTS_DIR; };
		88E22B7A27120535003997C1 /* RadarSDKTests.swift */ = {isa = PBXFileReference; lastKnownFileType = sourcecode.swift; path = RadarSDKTests.swift; sourceTree = "<group>"; };
		88EFA96827120884006DFD62 /* Radar.swift */ = {isa = PBXFileReference; lastKnownFileType = sourcecode.swift; path = Radar.swift; sourceTree = "<group>"; };
/* End PBXFileReference section */

/* Begin PBXFrameworksBuildPhase section */
		88E22B6827120535003997C1 /* Frameworks */ = {
			isa = PBXFrameworksBuildPhase;
			buildActionMask = 2147483647;
			files = (
			);
			runOnlyForDeploymentPostprocessing = 0;
		};
		88E22B7227120535003997C1 /* Frameworks */ = {
			isa = PBXFrameworksBuildPhase;
			buildActionMask = 2147483647;
			files = (
				88E22B7627120535003997C1 /* RadarSDK.framework in Frameworks */,
			);
			runOnlyForDeploymentPostprocessing = 0;
		};
/* End PBXFrameworksBuildPhase section */

/* Begin PBXGroup section */
		8878714A27147133007666E1 /* Model */ = {
			isa = PBXGroup;
			children = (
				880A568A2715F8F9006A8A34 /* RadarAddress.swift */,
				880A568C27160A7F006A8A34 /* RadarBeacon.swift */,
				880A568E2716157B006A8A34 /* RadarChain.swift */,
				880A567E2715D9BD006A8A34 /* RadarCircleGeometry.swift */,
				880A56902716258B006A8A34 /* RadarContext.swift */,
				880A567A2715C7FB006A8A34 /* RadarCoordinate.swift */,
				8878715C271486FF007666E1 /* RadarDelegate.swift */,
				880A56762715C1C1006A8A34 /* RadarDelegateHolder.swift */,
				8878716027149AB2007666E1 /* RadarEvent.swift */,
				880A5692271626ED006A8A34 /* RadarGeofence.swift */,
				880A567C2715D98A006A8A34 /* RadarGeofenceGeometry.swift */,
				8878715227148208007666E1 /* RadarLocationSource.swift */,
				8878715527148338007666E1 /* RadarLogLevel.swift */,
				88A2D8FD2716A98700981CA8 /* RadarPlace.swift */,
				880A56802715DA78006A8A34 /* RadarPolygonGeometry.swift */,
				880A56862715DEB0006A8A34 /* RadarRegion.swift */,
				881D4192271766C1000B6385 /* RadarRoute.swift */,
				88A2D90127174C3400981CA8 /* RadarRouteDistance.swift */,
				88A2D90327174F3600981CA8 /* RadarRouteDuration.swift */,
				88A2D9052717513500981CA8 /* RadarRouteGeometry.swift */,
				886B6944271852F100CFF12F /* RadarRouteMatrix.swift */,
				8878715727148373007666E1 /* RadarRouteMode.swift */,
				8878715A271484C7007666E1 /* RadarRouteUnits.swift */,
				88A49FF4271824D5008B5804 /* RadarRoutes.swift */,
				880A56942716310F006A8A34 /* RadarSegment.swift */,
				887871672714BC5A007666E1 /* RadarSettings.swift */,
				8878714B2714717E007666E1 /* RadarStatus.swift */,
				887871692714BD34007666E1 /* RadarTrackingOptions.swift */,
				88A2D8FF2716EB5000981CA8 /* RadarTrip.swift */,
				880A56742715BB83006A8A34 /* RadarTripOptions.swift */,
				8878715E27149A98007666E1 /* RadarUser.swift */,
				880A56882715F438006A8A34 /* RadarUserInsights.swift */,
				880A56842715DE10006A8A34 /* RadarUserInsightsLocation.swift */,
				880A56822715DBC6006A8A34 /* RadarUserInsightsState.swift */,
			);
			path = Model;
			sourceTree = "<group>";
		};
		8878714E27147371007666E1 /* Utils */ = {
			isa = PBXGroup;
			children = (
				8878716227149EE8007666E1 /* RadarUtils.swift */,
				887871652714B749007666E1 /* RadarLogger.swift */,
				880A56782715C73D006A8A34 /* RadarPermissionsHelper.swift */,
			);
			path = Utils;
			sourceTree = "<group>";
		};
		88E22B6127120535003997C1 = {
			isa = PBXGroup;
			children = (
				88E22B6D27120535003997C1 /* RadarSDK */,
				88E22B7927120535003997C1 /* RadarSDKTests */,
				88E22B6C27120535003997C1 /* Products */,
			);
			sourceTree = "<group>";
		};
		88E22B6C27120535003997C1 /* Products */ = {
			isa = PBXGroup;
			children = (
				88E22B6B27120535003997C1 /* RadarSDK.framework */,
				88E22B7527120535003997C1 /* RadarSDKTests.xctest */,
			);
			name = Products;
			sourceTree = "<group>";
		};
		88E22B6D27120535003997C1 /* RadarSDK */ = {
			isa = PBXGroup;
			children = (
				88E22B6E27120535003997C1 /* RadarSDK.h */,
				88EFA96827120884006DFD62 /* Radar.swift */,
				8878714A27147133007666E1 /* Model */,
				8878714E27147371007666E1 /* Utils */,
				88E22B6F27120535003997C1 /* RadarSDK.docc */,
			);
			path = RadarSDK;
			sourceTree = "<group>";
		};
		88E22B7927120535003997C1 /* RadarSDKTests */ = {
			isa = PBXGroup;
			children = (
				88E22B7A27120535003997C1 /* RadarSDKTests.swift */,
			);
			path = RadarSDKTests;
			sourceTree = "<group>";
		};
/* End PBXGroup section */

/* Begin PBXHeadersBuildPhase section */
		88E22B6627120535003997C1 /* Headers */ = {
			isa = PBXHeadersBuildPhase;
			buildActionMask = 2147483647;
			files = (
				88E22B7C27120535003997C1 /* RadarSDK.h in Headers */,
			);
			runOnlyForDeploymentPostprocessing = 0;
		};
/* End PBXHeadersBuildPhase section */

/* Begin PBXNativeTarget section */
		88E22B6A27120535003997C1 /* RadarSDK */ = {
			isa = PBXNativeTarget;
			buildConfigurationList = 88E22B7F27120535003997C1 /* Build configuration list for PBXNativeTarget "RadarSDK" */;
			buildPhases = (
				88E22B6627120535003997C1 /* Headers */,
				88E22B6727120535003997C1 /* Sources */,
				88E22B6827120535003997C1 /* Frameworks */,
				88E22B6927120535003997C1 /* Resources */,
			);
			buildRules = (
			);
			dependencies = (
			);
			name = RadarSDK;
			productName = RadarSDK;
			productReference = 88E22B6B27120535003997C1 /* RadarSDK.framework */;
			productType = "com.apple.product-type.framework";
		};
		88E22B7427120535003997C1 /* RadarSDKTests */ = {
			isa = PBXNativeTarget;
			buildConfigurationList = 88E22B8227120535003997C1 /* Build configuration list for PBXNativeTarget "RadarSDKTests" */;
			buildPhases = (
				88E22B7127120535003997C1 /* Sources */,
				88E22B7227120535003997C1 /* Frameworks */,
				88E22B7327120535003997C1 /* Resources */,
			);
			buildRules = (
			);
			dependencies = (
				88E22B7827120535003997C1 /* PBXTargetDependency */,
			);
			name = RadarSDKTests;
			productName = RadarSDKTests;
			productReference = 88E22B7527120535003997C1 /* RadarSDKTests.xctest */;
			productType = "com.apple.product-type.bundle.unit-test";
		};
/* End PBXNativeTarget section */

/* Begin PBXProject section */
		88E22B6227120535003997C1 /* Project object */ = {
			isa = PBXProject;
			attributes = {
				BuildIndependentTargetsInParallel = 1;
				LastSwiftUpdateCheck = 1300;
				LastUpgradeCheck = 1300;
				TargetAttributes = {
					88E22B6A27120535003997C1 = {
						CreatedOnToolsVersion = 13.0;
					};
					88E22B7427120535003997C1 = {
						CreatedOnToolsVersion = 13.0;
					};
				};
			};
			buildConfigurationList = 88E22B6527120535003997C1 /* Build configuration list for PBXProject "RadarSDK" */;
			compatibilityVersion = "Xcode 13.0";
			developmentRegion = en;
			hasScannedForEncodings = 0;
			knownRegions = (
				en,
				Base,
			);
			mainGroup = 88E22B6127120535003997C1;
			productRefGroup = 88E22B6C27120535003997C1 /* Products */;
			projectDirPath = "";
			projectRoot = "";
			targets = (
				88E22B6A27120535003997C1 /* RadarSDK */,
				88E22B7427120535003997C1 /* RadarSDKTests */,
			);
		};
/* End PBXProject section */

/* Begin PBXResourcesBuildPhase section */
		88E22B6927120535003997C1 /* Resources */ = {
			isa = PBXResourcesBuildPhase;
			buildActionMask = 2147483647;
			files = (
			);
			runOnlyForDeploymentPostprocessing = 0;
		};
		88E22B7327120535003997C1 /* Resources */ = {
			isa = PBXResourcesBuildPhase;
			buildActionMask = 2147483647;
			files = (
			);
			runOnlyForDeploymentPostprocessing = 0;
		};
/* End PBXResourcesBuildPhase section */

/* Begin PBXSourcesBuildPhase section */
		88E22B6727120535003997C1 /* Sources */ = {
			isa = PBXSourcesBuildPhase;
			buildActionMask = 2147483647;
			files = (
				880A56792715C73D006A8A34 /* RadarPermissionsHelper.swift in Sources */,
				881D4193271766C1000B6385 /* RadarRoute.swift in Sources */,
				8878715327148208007666E1 /* RadarLocationSource.swift in Sources */,
				880A56812715DA78006A8A34 /* RadarPolygonGeometry.swift in Sources */,
				88A2D9002716EB5000981CA8 /* RadarTrip.swift in Sources */,
				887871682714BC5A007666E1 /* RadarSettings.swift in Sources */,
				880A568F2716157B006A8A34 /* RadarChain.swift in Sources */,
				8878715627148338007666E1 /* RadarLogLevel.swift in Sources */,
				886B6945271852F100CFF12F /* RadarRouteMatrix.swift in Sources */,
				887871662714B749007666E1 /* RadarLogger.swift in Sources */,
				88A2D9062717513500981CA8 /* RadarRouteGeometry.swift in Sources */,
				8878716327149EE8007666E1 /* RadarUtils.swift in Sources */,
				880A567B2715C7FB006A8A34 /* RadarCoordinate.swift in Sources */,
				88EFA96927120884006DFD62 /* Radar.swift in Sources */,
				8878715D271486FF007666E1 /* RadarDelegate.swift in Sources */,
				880A56952716310F006A8A34 /* RadarSegment.swift in Sources */,
				880A56872715DEB0006A8A34 /* RadarRegion.swift in Sources */,
				880A56772715C1C1006A8A34 /* RadarDelegateHolder.swift in Sources */,
				8878715F27149A98007666E1 /* RadarUser.swift in Sources */,
				880A568B2715F8F9006A8A34 /* RadarAddress.swift in Sources */,
				88A2D90227174C3400981CA8 /* RadarRouteDistance.swift in Sources */,
				880A568D27160A7F006A8A34 /* RadarBeacon.swift in Sources */,
				880A56752715BB83006A8A34 /* RadarTripOptions.swift in Sources */,
				880A56892715F438006A8A34 /* RadarUserInsights.swift in Sources */,
				880A567F2715D9BD006A8A34 /* RadarCircleGeometry.swift in Sources */,
				8878715827148373007666E1 /* RadarRouteMode.swift in Sources */,
				88E22B7027120535003997C1 /* RadarSDK.docc in Sources */,
				880A56832715DBC6006A8A34 /* RadarUserInsightsState.swift in Sources */,
				880A5693271626ED006A8A34 /* RadarGeofence.swift in Sources */,
				8878716A2714BD34007666E1 /* RadarTrackingOptions.swift in Sources */,
				880A56852715DE10006A8A34 /* RadarUserInsightsLocation.swift in Sources */,
				88A2D8FE2716A98700981CA8 /* RadarPlace.swift in Sources */,
				880A56912716258B006A8A34 /* RadarContext.swift in Sources */,
				8878715B271484C7007666E1 /* RadarRouteUnits.swift in Sources */,
				88A2D90427174F3600981CA8 /* RadarRouteDuration.swift in Sources */,
				88A49FF5271824D5008B5804 /* RadarRoutes.swift in Sources */,
				880A567D2715D98A006A8A34 /* RadarGeofenceGeometry.swift in Sources */,
				8878714C2714717E007666E1 /* RadarStatus.swift in Sources */,
				8878716127149AB2007666E1 /* RadarEvent.swift in Sources */,
			);
			runOnlyForDeploymentPostprocessing = 0;
		};
		88E22B7127120535003997C1 /* Sources */ = {
			isa = PBXSourcesBuildPhase;
			buildActionMask = 2147483647;
			files = (
				88E22B7B27120535003997C1 /* RadarSDKTests.swift in Sources */,
			);
			runOnlyForDeploymentPostprocessing = 0;
		};
/* End PBXSourcesBuildPhase section */

/* Begin PBXTargetDependency section */
		88E22B7827120535003997C1 /* PBXTargetDependency */ = {
			isa = PBXTargetDependency;
			target = 88E22B6A27120535003997C1 /* RadarSDK */;
			targetProxy = 88E22B7727120535003997C1 /* PBXContainerItemProxy */;
		};
/* End PBXTargetDependency section */

/* Begin XCBuildConfiguration section */
		88E22B7D27120535003997C1 /* Debug */ = {
			isa = XCBuildConfiguration;
			buildSettings = {
				ALWAYS_SEARCH_USER_PATHS = NO;
				CLANG_ANALYZER_NONNULL = YES;
				CLANG_ANALYZER_NUMBER_OBJECT_CONVERSION = YES_AGGRESSIVE;
				CLANG_CXX_LANGUAGE_STANDARD = "gnu++17";
				CLANG_CXX_LIBRARY = "libc++";
				CLANG_ENABLE_MODULES = YES;
				CLANG_ENABLE_OBJC_ARC = YES;
				CLANG_ENABLE_OBJC_WEAK = YES;
				CLANG_WARN_BLOCK_CAPTURE_AUTORELEASING = YES;
				CLANG_WARN_BOOL_CONVERSION = YES;
				CLANG_WARN_COMMA = YES;
				CLANG_WARN_CONSTANT_CONVERSION = YES;
				CLANG_WARN_DEPRECATED_OBJC_IMPLEMENTATIONS = YES;
				CLANG_WARN_DIRECT_OBJC_ISA_USAGE = YES_ERROR;
				CLANG_WARN_DOCUMENTATION_COMMENTS = YES;
				CLANG_WARN_EMPTY_BODY = YES;
				CLANG_WARN_ENUM_CONVERSION = YES;
				CLANG_WARN_INFINITE_RECURSION = YES;
				CLANG_WARN_INT_CONVERSION = YES;
				CLANG_WARN_NON_LITERAL_NULL_CONVERSION = YES;
				CLANG_WARN_OBJC_IMPLICIT_RETAIN_SELF = YES;
				CLANG_WARN_OBJC_LITERAL_CONVERSION = YES;
				CLANG_WARN_OBJC_ROOT_CLASS = YES_ERROR;
				CLANG_WARN_QUOTED_INCLUDE_IN_FRAMEWORK_HEADER = YES;
				CLANG_WARN_RANGE_LOOP_ANALYSIS = YES;
				CLANG_WARN_STRICT_PROTOTYPES = YES;
				CLANG_WARN_SUSPICIOUS_MOVE = YES;
				CLANG_WARN_UNGUARDED_AVAILABILITY = YES_AGGRESSIVE;
				CLANG_WARN_UNREACHABLE_CODE = YES;
				CLANG_WARN__DUPLICATE_METHOD_MATCH = YES;
				COPY_PHASE_STRIP = NO;
				CURRENT_PROJECT_VERSION = 1;
				DEBUG_INFORMATION_FORMAT = dwarf;
				ENABLE_STRICT_OBJC_MSGSEND = YES;
				ENABLE_TESTABILITY = YES;
				GCC_C_LANGUAGE_STANDARD = gnu11;
				GCC_DYNAMIC_NO_PIC = NO;
				GCC_NO_COMMON_BLOCKS = YES;
				GCC_OPTIMIZATION_LEVEL = 0;
				GCC_PREPROCESSOR_DEFINITIONS = (
					"DEBUG=1",
					"$(inherited)",
				);
				GCC_WARN_64_TO_32_BIT_CONVERSION = YES;
				GCC_WARN_ABOUT_RETURN_TYPE = YES_ERROR;
				GCC_WARN_UNDECLARED_SELECTOR = YES;
				GCC_WARN_UNINITIALIZED_AUTOS = YES_AGGRESSIVE;
				GCC_WARN_UNUSED_FUNCTION = YES;
				GCC_WARN_UNUSED_VARIABLE = YES;
				IPHONEOS_DEPLOYMENT_TARGET = 10.0;
				MTL_ENABLE_DEBUG_INFO = INCLUDE_SOURCE;
				MTL_FAST_MATH = YES;
				ONLY_ACTIVE_ARCH = YES;
				SDKROOT = iphoneos;
				SWIFT_ACTIVE_COMPILATION_CONDITIONS = DEBUG;
				SWIFT_OPTIMIZATION_LEVEL = "-Onone";
				VERSIONING_SYSTEM = "apple-generic";
				VERSION_INFO_PREFIX = "";
			};
			name = Debug;
		};
		88E22B7E27120535003997C1 /* Release */ = {
			isa = XCBuildConfiguration;
			buildSettings = {
				ALWAYS_SEARCH_USER_PATHS = NO;
				CLANG_ANALYZER_NONNULL = YES;
				CLANG_ANALYZER_NUMBER_OBJECT_CONVERSION = YES_AGGRESSIVE;
				CLANG_CXX_LANGUAGE_STANDARD = "gnu++17";
				CLANG_CXX_LIBRARY = "libc++";
				CLANG_ENABLE_MODULES = YES;
				CLANG_ENABLE_OBJC_ARC = YES;
				CLANG_ENABLE_OBJC_WEAK = YES;
				CLANG_WARN_BLOCK_CAPTURE_AUTORELEASING = YES;
				CLANG_WARN_BOOL_CONVERSION = YES;
				CLANG_WARN_COMMA = YES;
				CLANG_WARN_CONSTANT_CONVERSION = YES;
				CLANG_WARN_DEPRECATED_OBJC_IMPLEMENTATIONS = YES;
				CLANG_WARN_DIRECT_OBJC_ISA_USAGE = YES_ERROR;
				CLANG_WARN_DOCUMENTATION_COMMENTS = YES;
				CLANG_WARN_EMPTY_BODY = YES;
				CLANG_WARN_ENUM_CONVERSION = YES;
				CLANG_WARN_INFINITE_RECURSION = YES;
				CLANG_WARN_INT_CONVERSION = YES;
				CLANG_WARN_NON_LITERAL_NULL_CONVERSION = YES;
				CLANG_WARN_OBJC_IMPLICIT_RETAIN_SELF = YES;
				CLANG_WARN_OBJC_LITERAL_CONVERSION = YES;
				CLANG_WARN_OBJC_ROOT_CLASS = YES_ERROR;
				CLANG_WARN_QUOTED_INCLUDE_IN_FRAMEWORK_HEADER = YES;
				CLANG_WARN_RANGE_LOOP_ANALYSIS = YES;
				CLANG_WARN_STRICT_PROTOTYPES = YES;
				CLANG_WARN_SUSPICIOUS_MOVE = YES;
				CLANG_WARN_UNGUARDED_AVAILABILITY = YES_AGGRESSIVE;
				CLANG_WARN_UNREACHABLE_CODE = YES;
				CLANG_WARN__DUPLICATE_METHOD_MATCH = YES;
				COPY_PHASE_STRIP = NO;
				CURRENT_PROJECT_VERSION = 1;
				DEBUG_INFORMATION_FORMAT = "dwarf-with-dsym";
				ENABLE_NS_ASSERTIONS = NO;
				ENABLE_STRICT_OBJC_MSGSEND = YES;
				GCC_C_LANGUAGE_STANDARD = gnu11;
				GCC_NO_COMMON_BLOCKS = YES;
				GCC_WARN_64_TO_32_BIT_CONVERSION = YES;
				GCC_WARN_ABOUT_RETURN_TYPE = YES_ERROR;
				GCC_WARN_UNDECLARED_SELECTOR = YES;
				GCC_WARN_UNINITIALIZED_AUTOS = YES_AGGRESSIVE;
				GCC_WARN_UNUSED_FUNCTION = YES;
				GCC_WARN_UNUSED_VARIABLE = YES;
				IPHONEOS_DEPLOYMENT_TARGET = 10.0;
				MTL_ENABLE_DEBUG_INFO = NO;
				MTL_FAST_MATH = YES;
				SDKROOT = iphoneos;
				SWIFT_COMPILATION_MODE = wholemodule;
				SWIFT_OPTIMIZATION_LEVEL = "-O";
				VALIDATE_PRODUCT = YES;
				VERSIONING_SYSTEM = "apple-generic";
				VERSION_INFO_PREFIX = "";
			};
			name = Release;
		};
		88E22B8027120535003997C1 /* Debug */ = {
			isa = XCBuildConfiguration;
			buildSettings = {
				CODE_SIGN_STYLE = Automatic;
				CURRENT_PROJECT_VERSION = 1;
				DEFINES_MODULE = YES;
				DEVELOPMENT_TEAM = 5M383PCDJZ;
				DYLIB_COMPATIBILITY_VERSION = 1;
				DYLIB_CURRENT_VERSION = 1;
				DYLIB_INSTALL_NAME_BASE = "@rpath";
				GENERATE_INFOPLIST_FILE = YES;
				INFOPLIST_KEY_NSHumanReadableCopyright = "";
				INSTALL_PATH = "$(LOCAL_LIBRARY_DIR)/Frameworks";
				IPHONEOS_DEPLOYMENT_TARGET = 10.0;
				LD_RUNPATH_SEARCH_PATHS = (
					"$(inherited)",
					"@executable_path/Frameworks",
					"@loader_path/Frameworks",
				);
				MARKETING_VERSION = 1.0;
				PRODUCT_BUNDLE_IDENTIFIER = com.relateddigital.RadarSDK;
				PRODUCT_NAME = "$(TARGET_NAME:c99extidentifier)";
				SKIP_INSTALL = YES;
				SWIFT_EMIT_LOC_STRINGS = YES;
				SWIFT_VERSION = 5.0;
				TARGETED_DEVICE_FAMILY = "1,2";
			};
			name = Debug;
		};
		88E22B8127120535003997C1 /* Release */ = {
			isa = XCBuildConfiguration;
			buildSettings = {
				CODE_SIGN_STYLE = Automatic;
				CURRENT_PROJECT_VERSION = 1;
				DEFINES_MODULE = YES;
				DEVELOPMENT_TEAM = 5M383PCDJZ;
				DYLIB_COMPATIBILITY_VERSION = 1;
				DYLIB_CURRENT_VERSION = 1;
				DYLIB_INSTALL_NAME_BASE = "@rpath";
				GENERATE_INFOPLIST_FILE = YES;
				INFOPLIST_KEY_NSHumanReadableCopyright = "";
				INSTALL_PATH = "$(LOCAL_LIBRARY_DIR)/Frameworks";
				IPHONEOS_DEPLOYMENT_TARGET = 10.0;
				LD_RUNPATH_SEARCH_PATHS = (
					"$(inherited)",
					"@executable_path/Frameworks",
					"@loader_path/Frameworks",
				);
				MARKETING_VERSION = 1.0;
				PRODUCT_BUNDLE_IDENTIFIER = com.relateddigital.RadarSDK;
				PRODUCT_NAME = "$(TARGET_NAME:c99extidentifier)";
				SKIP_INSTALL = YES;
				SWIFT_EMIT_LOC_STRINGS = YES;
				SWIFT_VERSION = 5.0;
				TARGETED_DEVICE_FAMILY = "1,2";
			};
			name = Release;
		};
		88E22B8327120535003997C1 /* Debug */ = {
			isa = XCBuildConfiguration;
			buildSettings = {
				ALWAYS_EMBED_SWIFT_STANDARD_LIBRARIES = YES;
				CODE_SIGN_STYLE = Automatic;
				CURRENT_PROJECT_VERSION = 1;
				DEVELOPMENT_TEAM = 5M383PCDJZ;
				GENERATE_INFOPLIST_FILE = YES;
				LD_RUNPATH_SEARCH_PATHS = (
					"$(inherited)",
					"@executable_path/Frameworks",
					"@loader_path/Frameworks",
				);
				MARKETING_VERSION = 1.0;
				PRODUCT_BUNDLE_IDENTIFIER = com.relateddigital.RadarSDKTests;
				PRODUCT_NAME = "$(TARGET_NAME)";
				SWIFT_EMIT_LOC_STRINGS = NO;
				SWIFT_VERSION = 5.0;
				TARGETED_DEVICE_FAMILY = "1,2";
			};
			name = Debug;
		};
		88E22B8427120535003997C1 /* Release */ = {
			isa = XCBuildConfiguration;
			buildSettings = {
				ALWAYS_EMBED_SWIFT_STANDARD_LIBRARIES = YES;
				CODE_SIGN_STYLE = Automatic;
				CURRENT_PROJECT_VERSION = 1;
				DEVELOPMENT_TEAM = 5M383PCDJZ;
				GENERATE_INFOPLIST_FILE = YES;
				LD_RUNPATH_SEARCH_PATHS = (
					"$(inherited)",
					"@executable_path/Frameworks",
					"@loader_path/Frameworks",
				);
				MARKETING_VERSION = 1.0;
				PRODUCT_BUNDLE_IDENTIFIER = com.relateddigital.RadarSDKTests;
				PRODUCT_NAME = "$(TARGET_NAME)";
				SWIFT_EMIT_LOC_STRINGS = NO;
				SWIFT_VERSION = 5.0;
				TARGETED_DEVICE_FAMILY = "1,2";
			};
			name = Release;
		};
/* End XCBuildConfiguration section */

/* Begin XCConfigurationList section */
		88E22B6527120535003997C1 /* Build configuration list for PBXProject "RadarSDK" */ = {
			isa = XCConfigurationList;
			buildConfigurations = (
				88E22B7D27120535003997C1 /* Debug */,
				88E22B7E27120535003997C1 /* Release */,
			);
			defaultConfigurationIsVisible = 0;
			defaultConfigurationName = Release;
		};
		88E22B7F27120535003997C1 /* Build configuration list for PBXNativeTarget "RadarSDK" */ = {
			isa = XCConfigurationList;
			buildConfigurations = (
				88E22B8027120535003997C1 /* Debug */,
				88E22B8127120535003997C1 /* Release */,
			);
			defaultConfigurationIsVisible = 0;
			defaultConfigurationName = Release;
		};
		88E22B8227120535003997C1 /* Build configuration list for PBXNativeTarget "RadarSDKTests" */ = {
			isa = XCConfigurationList;
			buildConfigurations = (
				88E22B8327120535003997C1 /* Debug */,
				88E22B8427120535003997C1 /* Release */,
			);
			defaultConfigurationIsVisible = 0;
			defaultConfigurationName = Release;
		};
/* End XCConfigurationList section */
	};
	rootObject = 88E22B6227120535003997C1 /* Project object */;
}
