// !$*UTF8*$!
{
	archiveVersion = 1;
	classes = {
	};
	objectVersion = 55;
	objects = {

/* Begin PBXBuildFile section */
		880552E02721E99B00C0E51F /* RadarSDK.framework in Frameworks */ = {isa = PBXBuildFile; fileRef = 88CC82522721B18D00268D45 /* RadarSDK.framework */; };
		880552E12721E99B00C0E51F /* RadarSDK.framework in Embed Frameworks */ = {isa = PBXBuildFile; fileRef = 88CC82522721B18D00268D45 /* RadarSDK.framework */; settings = {ATTRIBUTES = (CodeSignOnCopy, RemoveHeadersOnCopy, ); }; };
		88CC82282721AB4000268D45 /* AppDelegate.swift in Sources */ = {isa = PBXBuildFile; fileRef = 88CC82272721AB4000268D45 /* AppDelegate.swift */; };
		88CC822A2721AB4000268D45 /* SceneDelegate.swift in Sources */ = {isa = PBXBuildFile; fileRef = 88CC82292721AB4000268D45 /* SceneDelegate.swift */; };
		88CC822C2721AB4000268D45 /* ViewController.swift in Sources */ = {isa = PBXBuildFile; fileRef = 88CC822B2721AB4000268D45 /* ViewController.swift */; };
		88CC822F2721AB4000268D45 /* Main.storyboard in Resources */ = {isa = PBXBuildFile; fileRef = 88CC822D2721AB4000268D45 /* Main.storyboard */; };
		88CC82312721AB4300268D45 /* Assets.xcassets in Resources */ = {isa = PBXBuildFile; fileRef = 88CC82302721AB4300268D45 /* Assets.xcassets */; };
		88CC82342721AB4300268D45 /* LaunchScreen.storyboard in Resources */ = {isa = PBXBuildFile; fileRef = 88CC82322721AB4300268D45 /* LaunchScreen.storyboard */; };
		88D9CA732721D44800822D38 /* FirebaseAnalytics in Frameworks */ = {isa = PBXBuildFile; productRef = 88D9CA722721D44800822D38 /* FirebaseAnalytics */; };
		88D9CA752721D44800822D38 /* FirebaseCrashlytics in Frameworks */ = {isa = PBXBuildFile; productRef = 88D9CA742721D44800822D38 /* FirebaseCrashlytics */; };
		88D9CA772721D6BB00822D38 /* GoogleService-Info.plist in Resources */ = {isa = PBXBuildFile; fileRef = 88D9CA762721D6BB00822D38 /* GoogleService-Info.plist */; };
/* End PBXBuildFile section */

/* Begin PBXContainerItemProxy section */
		88D9CA6C2721D0EF00822D38 /* PBXContainerItemProxy */ = {
			isa = PBXContainerItemProxy;
			containerPortal = 88CC82452721AD2B00268D45 /* RadarSDK.xcodeproj */;
			proxyType = 2;
			remoteGlobalIDString = 88E22B6B27120535003997C1;
			remoteInfo = RadarSDK;
		};
		88D9CA6E2721D0EF00822D38 /* PBXContainerItemProxy */ = {
			isa = PBXContainerItemProxy;
			containerPortal = 88CC82452721AD2B00268D45 /* RadarSDK.xcodeproj */;
			proxyType = 2;
			remoteGlobalIDString = 88E22B7527120535003997C1;
			remoteInfo = RadarSDKTests;
		};
/* End PBXContainerItemProxy section */

/* Begin PBXCopyFilesBuildPhase section */
		88CC82512721AD9300268D45 /* Embed Frameworks */ = {
			isa = PBXCopyFilesBuildPhase;
			buildActionMask = 2147483647;
			dstPath = "";
			dstSubfolderSpec = 10;
			files = (
				880552E12721E99B00C0E51F /* RadarSDK.framework in Embed Frameworks */,
			);
			name = "Embed Frameworks";
			runOnlyForDeploymentPostprocessing = 0;
		};
/* End PBXCopyFilesBuildPhase section */

/* Begin PBXFileReference section */
		88CC82242721AB4000268D45 /* Example.app */ = {isa = PBXFileReference; explicitFileType = wrapper.application; includeInIndex = 0; path = Example.app; sourceTree = BUILT_PRODUCTS_DIR; };
		88CC82272721AB4000268D45 /* AppDelegate.swift */ = {isa = PBXFileReference; lastKnownFileType = sourcecode.swift; path = AppDelegate.swift; sourceTree = "<group>"; };
		88CC82292721AB4000268D45 /* SceneDelegate.swift */ = {isa = PBXFileReference; lastKnownFileType = sourcecode.swift; path = SceneDelegate.swift; sourceTree = "<group>"; };
		88CC822B2721AB4000268D45 /* ViewController.swift */ = {isa = PBXFileReference; lastKnownFileType = sourcecode.swift; path = ViewController.swift; sourceTree = "<group>"; };
		88CC822E2721AB4000268D45 /* Base */ = {isa = PBXFileReference; lastKnownFileType = file.storyboard; name = Base; path = Base.lproj/Main.storyboard; sourceTree = "<group>"; };
		88CC82302721AB4300268D45 /* Assets.xcassets */ = {isa = PBXFileReference; lastKnownFileType = folder.assetcatalog; path = Assets.xcassets; sourceTree = "<group>"; };
		88CC82332721AB4300268D45 /* Base */ = {isa = PBXFileReference; lastKnownFileType = file.storyboard; name = Base; path = Base.lproj/LaunchScreen.storyboard; sourceTree = "<group>"; };
		88CC82352721AB4300268D45 /* Info.plist */ = {isa = PBXFileReference; lastKnownFileType = text.plist.xml; path = Info.plist; sourceTree = "<group>"; };
		88CC82452721AD2B00268D45 /* RadarSDK.xcodeproj */ = {isa = PBXFileReference; lastKnownFileType = "wrapper.pb-project"; name = RadarSDK.xcodeproj; path = ../../RadarSDK.xcodeproj; sourceTree = "<group>"; };
		88CC82522721B18D00268D45 /* RadarSDK.framework */ = {isa = PBXFileReference; explicitFileType = wrapper.framework; path = RadarSDK.framework; sourceTree = BUILT_PRODUCTS_DIR; };
		88D9CA762721D6BB00822D38 /* GoogleService-Info.plist */ = {isa = PBXFileReference; fileEncoding = 4; lastKnownFileType = text.plist.xml; path = "GoogleService-Info.plist"; sourceTree = "<group>"; };
/* End PBXFileReference section */

/* Begin PBXFrameworksBuildPhase section */
		88CC82212721AB4000268D45 /* Frameworks */ = {
			isa = PBXFrameworksBuildPhase;
			buildActionMask = 2147483647;
			files = (
				88D9CA752721D44800822D38 /* FirebaseCrashlytics in Frameworks */,
				880552E02721E99B00C0E51F /* RadarSDK.framework in Frameworks */,
				88D9CA732721D44800822D38 /* FirebaseAnalytics in Frameworks */,
			);
			runOnlyForDeploymentPostprocessing = 0;
		};
/* End PBXFrameworksBuildPhase section */

/* Begin PBXGroup section */
		88CC821B2721AB4000268D45 = {
			isa = PBXGroup;
			children = (
				88CC82262721AB4000268D45 /* Example */,
				88CC82252721AB4000268D45 /* Products */,
				88CC82442721AD2B00268D45 /* Frameworks */,
			);
			sourceTree = "<group>";
		};
		88CC82252721AB4000268D45 /* Products */ = {
			isa = PBXGroup;
			children = (
				88CC82242721AB4000268D45 /* Example.app */,
			);
			name = Products;
			sourceTree = "<group>";
		};
		88CC82262721AB4000268D45 /* Example */ = {
			isa = PBXGroup;
			children = (
				88CC82452721AD2B00268D45 /* RadarSDK.xcodeproj */,
				88CC82272721AB4000268D45 /* AppDelegate.swift */,
				88CC82292721AB4000268D45 /* SceneDelegate.swift */,
				88CC822B2721AB4000268D45 /* ViewController.swift */,
				88CC822D2721AB4000268D45 /* Main.storyboard */,
				88CC82302721AB4300268D45 /* Assets.xcassets */,
				88CC82322721AB4300268D45 /* LaunchScreen.storyboard */,
				88CC82352721AB4300268D45 /* Info.plist */,
				88D9CA762721D6BB00822D38 /* GoogleService-Info.plist */,
			);
			path = Example;
			sourceTree = "<group>";
		};
		88CC82442721AD2B00268D45 /* Frameworks */ = {
			isa = PBXGroup;
			children = (
				88CC82522721B18D00268D45 /* RadarSDK.framework */,
			);
			name = Frameworks;
			sourceTree = "<group>";
		};
		88D9CA682721D0EF00822D38 /* Products */ = {
			isa = PBXGroup;
			children = (
				88D9CA6D2721D0EF00822D38 /* RadarSDK.framework */,
				88D9CA6F2721D0EF00822D38 /* RadarSDKTests.xctest */,
			);
			name = Products;
			sourceTree = "<group>";
		};
/* End PBXGroup section */

/* Begin PBXNativeTarget section */
		88CC82232721AB4000268D45 /* Example */ = {
			isa = PBXNativeTarget;
			buildConfigurationList = 88CC82382721AB4300268D45 /* Build configuration list for PBXNativeTarget "Example" */;
			buildPhases = (
				88CC82202721AB4000268D45 /* Sources */,
				88CC82212721AB4000268D45 /* Frameworks */,
				88CC82222721AB4000268D45 /* Resources */,
				88CC82512721AD9300268D45 /* Embed Frameworks */,
				88D9CA782721D84D00822D38 /* Crashlytics Run Script */,
			);
			buildRules = (
			);
			dependencies = (
			);
			name = Example;
			packageProductDependencies = (
				88D9CA722721D44800822D38 /* FirebaseAnalytics */,
				88D9CA742721D44800822D38 /* FirebaseCrashlytics */,
			);
			productName = Example;
			productReference = 88CC82242721AB4000268D45 /* Example.app */;
			productType = "com.apple.product-type.application";
		};
/* End PBXNativeTarget section */

/* Begin PBXProject section */
		88CC821C2721AB4000268D45 /* Project object */ = {
			isa = PBXProject;
			attributes = {
				BuildIndependentTargetsInParallel = 1;
				LastSwiftUpdateCheck = 1300;
				LastUpgradeCheck = 1300;
				TargetAttributes = {
					88CC82232721AB4000268D45 = {
						CreatedOnToolsVersion = 13.0;
					};
				};
			};
			buildConfigurationList = 88CC821F2721AB4000268D45 /* Build configuration list for PBXProject "Example" */;
			compatibilityVersion = "Xcode 13.0";
			developmentRegion = en;
			hasScannedForEncodings = 0;
			knownRegions = (
				en,
				Base,
			);
			mainGroup = 88CC821B2721AB4000268D45;
			packageReferences = (
				88D9CA712721D44800822D38 /* XCRemoteSwiftPackageReference "firebase-ios-sdk" */,
			);
			productRefGroup = 88CC82252721AB4000268D45 /* Products */;
			projectDirPath = "";
			projectReferences = (
				{
					ProductGroup = 88D9CA682721D0EF00822D38 /* Products */;
					ProjectRef = 88CC82452721AD2B00268D45 /* RadarSDK.xcodeproj */;
				},
			);
			projectRoot = "";
			targets = (
				88CC82232721AB4000268D45 /* Example */,
			);
		};
/* End PBXProject section */

/* Begin PBXReferenceProxy section */
		88D9CA6D2721D0EF00822D38 /* RadarSDK.framework */ = {
			isa = PBXReferenceProxy;
			fileType = wrapper.framework;
			path = RadarSDK.framework;
			remoteRef = 88D9CA6C2721D0EF00822D38 /* PBXContainerItemProxy */;
			sourceTree = BUILT_PRODUCTS_DIR;
		};
		88D9CA6F2721D0EF00822D38 /* RadarSDKTests.xctest */ = {
			isa = PBXReferenceProxy;
			fileType = wrapper.cfbundle;
			path = RadarSDKTests.xctest;
			remoteRef = 88D9CA6E2721D0EF00822D38 /* PBXContainerItemProxy */;
			sourceTree = BUILT_PRODUCTS_DIR;
		};
/* End PBXReferenceProxy section */

/* Begin PBXResourcesBuildPhase section */
		88CC82222721AB4000268D45 /* Resources */ = {
			isa = PBXResourcesBuildPhase;
			buildActionMask = 2147483647;
			files = (
				88CC82342721AB4300268D45 /* LaunchScreen.storyboard in Resources */,
				88D9CA772721D6BB00822D38 /* GoogleService-Info.plist in Resources */,
				88CC82312721AB4300268D45 /* Assets.xcassets in Resources */,
				88CC822F2721AB4000268D45 /* Main.storyboard in Resources */,
			);
			runOnlyForDeploymentPostprocessing = 0;
		};
/* End PBXResourcesBuildPhase section */

/* Begin PBXShellScriptBuildPhase section */
		88D9CA782721D84D00822D38 /* Crashlytics Run Script */ = {
			isa = PBXShellScriptBuildPhase;
			buildActionMask = 2147483647;
			files = (
			);
			inputFileListPaths = (
			);
			inputPaths = (
				"$(BUILT_PRODUCTS_DIR)/$(INFOPLIST_PATH)",
			);
			name = "Crashlytics Run Script";
			outputFileListPaths = (
			);
			outputPaths = (
			);
			runOnlyForDeploymentPostprocessing = 0;
			shellPath = /bin/sh;
			shellScript = "${BUILD_DIR%/Build/*}/SourcePackages/checkouts/firebase-ios-sdk/Crashlytics/run\n";
		};
/* End PBXShellScriptBuildPhase section */

/* Begin PBXSourcesBuildPhase section */
		88CC82202721AB4000268D45 /* Sources */ = {
			isa = PBXSourcesBuildPhase;
			buildActionMask = 2147483647;
			files = (
				88CC822C2721AB4000268D45 /* ViewController.swift in Sources */,
				88CC82282721AB4000268D45 /* AppDelegate.swift in Sources */,
				88CC822A2721AB4000268D45 /* SceneDelegate.swift in Sources */,
			);
			runOnlyForDeploymentPostprocessing = 0;
		};
/* End PBXSourcesBuildPhase section */

/* Begin PBXVariantGroup section */
		88CC822D2721AB4000268D45 /* Main.storyboard */ = {
			isa = PBXVariantGroup;
			children = (
				88CC822E2721AB4000268D45 /* Base */,
			);
			name = Main.storyboard;
			sourceTree = "<group>";
		};
		88CC82322721AB4300268D45 /* LaunchScreen.storyboard */ = {
			isa = PBXVariantGroup;
			children = (
				88CC82332721AB4300268D45 /* Base */,
			);
			name = LaunchScreen.storyboard;
			sourceTree = "<group>";
		};
/* End PBXVariantGroup section */

/* Begin XCBuildConfiguration section */
		88CC82362721AB4300268D45 /* Debug */ = {
			isa = XCBuildConfiguration;
			buildSettings = {
				ALWAYS_SEARCH_USER_PATHS = NO;
				CLANG_ANALYZER_NONNULL = YES;
				CLANG_ANALYZER_NUMBER_OBJECT_CONVERSION = YES_AGGRESSIVE;
				CLANG_CXX_LANGUAGE_STANDARD = "gnu++17";
				CLANG_CXX_LIBRARY = "libc++";
				CLANG_ENABLE_MODULES = YES;
				CLANG_ENABLE_OBJC_ARC = YES;
				CLANG_ENABLE_OBJC_WEAK = YES;
				CLANG_WARN_BLOCK_CAPTURE_AUTORELEASING = YES;
				CLANG_WARN_BOOL_CONVERSION = YES;
				CLANG_WARN_COMMA = YES;
				CLANG_WARN_CONSTANT_CONVERSION = YES;
				CLANG_WARN_DEPRECATED_OBJC_IMPLEMENTATIONS = YES;
				CLANG_WARN_DIRECT_OBJC_ISA_USAGE = YES_ERROR;
				CLANG_WARN_DOCUMENTATION_COMMENTS = YES;
				CLANG_WARN_EMPTY_BODY = YES;
				CLANG_WARN_ENUM_CONVERSION = YES;
				CLANG_WARN_INFINITE_RECURSION = YES;
				CLANG_WARN_INT_CONVERSION = YES;
				CLANG_WARN_NON_LITERAL_NULL_CONVERSION = YES;
				CLANG_WARN_OBJC_IMPLICIT_RETAIN_SELF = YES;
				CLANG_WARN_OBJC_LITERAL_CONVERSION = YES;
				CLANG_WARN_OBJC_ROOT_CLASS = YES_ERROR;
				CLANG_WARN_QUOTED_INCLUDE_IN_FRAMEWORK_HEADER = YES;
				CLANG_WARN_RANGE_LOOP_ANALYSIS = YES;
				CLANG_WARN_STRICT_PROTOTYPES = YES;
				CLANG_WARN_SUSPICIOUS_MOVE = YES;
				CLANG_WARN_UNGUARDED_AVAILABILITY = YES_AGGRESSIVE;
				CLANG_WARN_UNREACHABLE_CODE = YES;
				CLANG_WARN__DUPLICATE_METHOD_MATCH = YES;
				COPY_PHASE_STRIP = NO;
				DEBUG_INFORMATION_FORMAT = "dwarf-with-dsym";
				ENABLE_STRICT_OBJC_MSGSEND = YES;
				ENABLE_TESTABILITY = YES;
				GCC_C_LANGUAGE_STANDARD = gnu11;
				GCC_DYNAMIC_NO_PIC = NO;
				GCC_NO_COMMON_BLOCKS = YES;
				GCC_OPTIMIZATION_LEVEL = 0;
				GCC_PREPROCESSOR_DEFINITIONS = (
					"DEBUG=1",
					"$(inherited)",
				);
				GCC_WARN_64_TO_32_BIT_CONVERSION = YES;
				GCC_WARN_ABOUT_RETURN_TYPE = YES_ERROR;
				GCC_WARN_UNDECLARED_SELECTOR = YES;
				GCC_WARN_UNINITIALIZED_AUTOS = YES_AGGRESSIVE;
				GCC_WARN_UNUSED_FUNCTION = YES;
				GCC_WARN_UNUSED_VARIABLE = YES;
				IPHONEOS_DEPLOYMENT_TARGET = 15.0;
				MTL_ENABLE_DEBUG_INFO = INCLUDE_SOURCE;
				MTL_FAST_MATH = YES;
				ONLY_ACTIVE_ARCH = YES;
				SDKROOT = iphoneos;
				SWIFT_ACTIVE_COMPILATION_CONDITIONS = DEBUG;
				SWIFT_OPTIMIZATION_LEVEL = "-Onone";
			};
			name = Debug;
		};
		88CC82372721AB4300268D45 /* Release */ = {
			isa = XCBuildConfiguration;
			buildSettings = {
				ALWAYS_SEARCH_USER_PATHS = NO;
				CLANG_ANALYZER_NONNULL = YES;
				CLANG_ANALYZER_NUMBER_OBJECT_CONVERSION = YES_AGGRESSIVE;
				CLANG_CXX_LANGUAGE_STANDARD = "gnu++17";
				CLANG_CXX_LIBRARY = "libc++";
				CLANG_ENABLE_MODULES = YES;
				CLANG_ENABLE_OBJC_ARC = YES;
				CLANG_ENABLE_OBJC_WEAK = YES;
				CLANG_WARN_BLOCK_CAPTURE_AUTORELEASING = YES;
				CLANG_WARN_BOOL_CONVERSION = YES;
				CLANG_WARN_COMMA = YES;
				CLANG_WARN_CONSTANT_CONVERSION = YES;
				CLANG_WARN_DEPRECATED_OBJC_IMPLEMENTATIONS = YES;
				CLANG_WARN_DIRECT_OBJC_ISA_USAGE = YES_ERROR;
				CLANG_WARN_DOCUMENTATION_COMMENTS = YES;
				CLANG_WARN_EMPTY_BODY = YES;
				CLANG_WARN_ENUM_CONVERSION = YES;
				CLANG_WARN_INFINITE_RECURSION = YES;
				CLANG_WARN_INT_CONVERSION = YES;
				CLANG_WARN_NON_LITERAL_NULL_CONVERSION = YES;
				CLANG_WARN_OBJC_IMPLICIT_RETAIN_SELF = YES;
				CLANG_WARN_OBJC_LITERAL_CONVERSION = YES;
				CLANG_WARN_OBJC_ROOT_CLASS = YES_ERROR;
				CLANG_WARN_QUOTED_INCLUDE_IN_FRAMEWORK_HEADER = YES;
				CLANG_WARN_RANGE_LOOP_ANALYSIS = YES;
				CLANG_WARN_STRICT_PROTOTYPES = YES;
				CLANG_WARN_SUSPICIOUS_MOVE = YES;
				CLANG_WARN_UNGUARDED_AVAILABILITY = YES_AGGRESSIVE;
				CLANG_WARN_UNREACHABLE_CODE = YES;
				CLANG_WARN__DUPLICATE_METHOD_MATCH = YES;
				COPY_PHASE_STRIP = NO;
				DEBUG_INFORMATION_FORMAT = "dwarf-with-dsym";
				ENABLE_NS_ASSERTIONS = NO;
				ENABLE_STRICT_OBJC_MSGSEND = YES;
				GCC_C_LANGUAGE_STANDARD = gnu11;
				GCC_NO_COMMON_BLOCKS = YES;
				GCC_WARN_64_TO_32_BIT_CONVERSION = YES;
				GCC_WARN_ABOUT_RETURN_TYPE = YES_ERROR;
				GCC_WARN_UNDECLARED_SELECTOR = YES;
				GCC_WARN_UNINITIALIZED_AUTOS = YES_AGGRESSIVE;
				GCC_WARN_UNUSED_FUNCTION = YES;
				GCC_WARN_UNUSED_VARIABLE = YES;
				IPHONEOS_DEPLOYMENT_TARGET = 15.0;
				MTL_ENABLE_DEBUG_INFO = NO;
				MTL_FAST_MATH = YES;
				SDKROOT = iphoneos;
				SWIFT_COMPILATION_MODE = wholemodule;
				SWIFT_OPTIMIZATION_LEVEL = "-O";
				VALIDATE_PRODUCT = YES;
			};
			name = Release;
		};
		88CC82392721AB4300268D45 /* Debug */ = {
			isa = XCBuildConfiguration;
			buildSettings = {
				ASSETCATALOG_COMPILER_APPICON_NAME = AppIcon;
				ASSETCATALOG_COMPILER_GLOBAL_ACCENT_COLOR_NAME = AccentColor;
				CODE_SIGN_STYLE = Automatic;
				CURRENT_PROJECT_VERSION = 1;
				DEBUG_INFORMATION_FORMAT = "dwarf-with-dsym";
				DEVELOPMENT_TEAM = 5M383PCDJZ;
				GENERATE_INFOPLIST_FILE = YES;
				INFOPLIST_FILE = Example/Info.plist;
				INFOPLIST_KEY_NSLocationAlwaysAndWhenInUseUsageDescription = "Radar background location usage description goes here.";
				INFOPLIST_KEY_NSLocationWhenInUseUsageDescription = "Radar foreground location usage description goes here.";
				INFOPLIST_KEY_UIApplicationSupportsIndirectInputEvents = YES;
				INFOPLIST_KEY_UILaunchStoryboardName = LaunchScreen;
				INFOPLIST_KEY_UIMainStoryboardFile = Main;
				INFOPLIST_KEY_UISupportedInterfaceOrientations_iPad = "UIInterfaceOrientationPortrait UIInterfaceOrientationPortraitUpsideDown UIInterfaceOrientationLandscapeLeft UIInterfaceOrientationLandscapeRight";
				INFOPLIST_KEY_UISupportedInterfaceOrientations_iPhone = "UIInterfaceOrientationPortrait UIInterfaceOrientationLandscapeLeft UIInterfaceOrientationLandscapeRight";
				LD_RUNPATH_SEARCH_PATHS = (
					"$(inherited)",
					"@executable_path/Frameworks",
				);
				MARKETING_VERSION = 1.0;
				OTHER_LDFLAGS = "-ObjC";
				PRODUCT_BUNDLE_IDENTIFIER = com.visilabs.visilabsiosdemo;
				PRODUCT_NAME = "$(TARGET_NAME)";
				SWIFT_EMIT_LOC_STRINGS = YES;
				SWIFT_VERSION = 5.0;
				TARGETED_DEVICE_FAMILY = "1,2";
			};
			name = Debug;
		};
		88CC823A2721AB4300268D45 /* Release */ = {
			isa = XCBuildConfiguration;
			buildSettings = {
				ASSETCATALOG_COMPILER_APPICON_NAME = AppIcon;
				ASSETCATALOG_COMPILER_GLOBAL_ACCENT_COLOR_NAME = AccentColor;
				CODE_SIGN_STYLE = Automatic;
				CURRENT_PROJECT_VERSION = 1;
				DEVELOPMENT_TEAM = 5M383PCDJZ;
				GENERATE_INFOPLIST_FILE = YES;
				INFOPLIST_FILE = Example/Info.plist;
				INFOPLIST_KEY_NSLocationAlwaysAndWhenInUseUsageDescription = "Radar background location usage description goes here.";
				INFOPLIST_KEY_NSLocationWhenInUseUsageDescription = "Radar foreground location usage description goes here.";
				INFOPLIST_KEY_UIApplicationSupportsIndirectInputEvents = YES;
				INFOPLIST_KEY_UILaunchStoryboardName = LaunchScreen;
				INFOPLIST_KEY_UIMainStoryboardFile = Main;
				INFOPLIST_KEY_UISupportedInterfaceOrientations_iPad = "UIInterfaceOrientationPortrait UIInterfaceOrientationPortraitUpsideDown UIInterfaceOrientationLandscapeLeft UIInterfaceOrientationLandscapeRight";
				INFOPLIST_KEY_UISupportedInterfaceOrientations_iPhone = "UIInterfaceOrientationPortrait UIInterfaceOrientationLandscapeLeft UIInterfaceOrientationLandscapeRight";
				LD_RUNPATH_SEARCH_PATHS = (
					"$(inherited)",
					"@executable_path/Frameworks",
				);
				MARKETING_VERSION = 1.0;
				OTHER_LDFLAGS = "-ObjC";
				PRODUCT_BUNDLE_IDENTIFIER = com.visilabs.visilabsiosdemo;
				PRODUCT_NAME = "$(TARGET_NAME)";
				SWIFT_EMIT_LOC_STRINGS = YES;
				SWIFT_VERSION = 5.0;
				TARGETED_DEVICE_FAMILY = "1,2";
			};
			name = Release;
		};
/* End XCBuildConfiguration section */

/* Begin XCConfigurationList section */
		88CC821F2721AB4000268D45 /* Build configuration list for PBXProject "Example" */ = {
			isa = XCConfigurationList;
			buildConfigurations = (
				88CC82362721AB4300268D45 /* Debug */,
				88CC82372721AB4300268D45 /* Release */,
			);
			defaultConfigurationIsVisible = 0;
			defaultConfigurationName = Release;
		};
		88CC82382721AB4300268D45 /* Build configuration list for PBXNativeTarget "Example" */ = {
			isa = XCConfigurationList;
			buildConfigurations = (
				88CC82392721AB4300268D45 /* Debug */,
				88CC823A2721AB4300268D45 /* Release */,
			);
			defaultConfigurationIsVisible = 0;
			defaultConfigurationName = Release;
		};
/* End XCConfigurationList section */

/* Begin XCRemoteSwiftPackageReference section */
		88D9CA712721D44800822D38 /* XCRemoteSwiftPackageReference "firebase-ios-sdk" */ = {
			isa = XCRemoteSwiftPackageReference;
			repositoryURL = "https://github.com/firebase/firebase-ios-sdk.git";
			requirement = {
				kind = upToNextMajorVersion;
				minimumVersion = 8.0.0;
			};
		};
/* End XCRemoteSwiftPackageReference section */

/* Begin XCSwiftPackageProductDependency section */
		88D9CA722721D44800822D38 /* FirebaseAnalytics */ = {
			isa = XCSwiftPackageProductDependency;
			package = 88D9CA712721D44800822D38 /* XCRemoteSwiftPackageReference "firebase-ios-sdk" */;
			productName = FirebaseAnalytics;
		};
		88D9CA742721D44800822D38 /* FirebaseCrashlytics */ = {
			isa = XCSwiftPackageProductDependency;
			package = 88D9CA712721D44800822D38 /* XCRemoteSwiftPackageReference "firebase-ios-sdk" */;
			productName = FirebaseCrashlytics;
		};
/* End XCSwiftPackageProductDependency section */
	};
	rootObject = 88CC821C2721AB4000268D45 /* Project object */;
}
